
Microsoft Visual Studio Solution File, Format Version 12.00
# Visual Studio Version 17
VisualStudioVersion = 17.5.002.0
MinimumVisualStudioVersion = 10.0.40219.1
Project("{9A19103F-16F7-4668-BE54-9A1E7A4F7556}") = "MinimalApi", "MinimalApi.csproj", "{21FBD81B-19CC-4602-B9F6-646250B9C18F}"
EndProject
Global
	GlobalSection(SolutionConfigurationPlatforms) = preSolution
		Debug|Any CPU = Debug|Any CPU
		Release|Any CPU = Release|Any CPU
	EndGlobalSection
	GlobalSection(ProjectConfigurationPlatforms) = postSolution
		{21FBD81B-19CC-4602-B9F6-646250B9C18F}.Debug|Any CPU.ActiveCfg = Debug|Any CPU
		{21FBD81B-19CC-4602-B9F6-646250B9C18F}.Debug|Any CPU.Build.0 = Debug|Any CPU
		{21FBD81B-19CC-4602-B9F6-646250B9C18F}.Release|Any CPU.ActiveCfg = Release|Any CPU
		{21FBD81B-19CC-4602-B9F6-646250B9C18F}.Release|Any CPU.Build.0 = Release|Any CPU
	EndGlobalSection
	GlobalSection(SolutionProperties) = preSolution
		HideSolutionNode = FALSE
	EndGlobalSection
	GlobalSection(ExtensibilityGlobals) = postSolution
		SolutionGuid = {8D3C4130-FF0F-4714-8E5F-6E39422AECB9}
	EndGlobalSection
EndGlobal
